// !$*UTF8*$!
{
	archiveVersion = 1;
	classes = {
	};
	objectVersion = 56;
	objects = {

/* Begin PBXBuildFile section */
		592BBCF42C94366700E759C9 /* TimeCounterView.swift in Sources */ = {isa = PBXBuildFile; fileRef = 592BBCF32C94366700E759C9 /* TimeCounterView.swift */; };
		5956AF452D0C358900A43F3C /* ViewUtils.swift in Sources */ = {isa = PBXBuildFile; fileRef = 5956AF442D0C358900A43F3C /* ViewUtils.swift */; };
		59742A402C7C805500F93E3A /* GameBoard.swift in Sources */ = {isa = PBXBuildFile; fileRef = 59742A3F2C7C805500F93E3A /* GameBoard.swift */; };
		59742A422C7C98A900F93E3A /* CardItem.swift in Sources */ = {isa = PBXBuildFile; fileRef = 59742A412C7C98A900F93E3A /* CardItem.swift */; };
		59742A442C7CABDD00F93E3A /* CardView.swift in Sources */ = {isa = PBXBuildFile; fileRef = 59742A432C7CABDD00F93E3A /* CardView.swift */; };
		59742A462C7CC4BA00F93E3A /* GameBoardView+ViewModel.swift in Sources */ = {isa = PBXBuildFile; fileRef = 59742A452C7CC4BA00F93E3A /* GameBoardView+ViewModel.swift */; };
		5992E0BD2C76052D00A5EE3A /* MemoryBlocksApp.swift in Sources */ = {isa = PBXBuildFile; fileRef = 5992E0BC2C76052D00A5EE3A /* MemoryBlocksApp.swift */; };
		5992E0BF2C76052D00A5EE3A /* ContentView.swift in Sources */ = {isa = PBXBuildFile; fileRef = 5992E0BE2C76052D00A5EE3A /* ContentView.swift */; };
		5992E0C12C76052E00A5EE3A /* Assets.xcassets in Resources */ = {isa = PBXBuildFile; fileRef = 5992E0C02C76052E00A5EE3A /* Assets.xcassets */; };
		5992E0C42C76052E00A5EE3A /* Preview Assets.xcassets in Resources */ = {isa = PBXBuildFile; fileRef = 5992E0C32C76052E00A5EE3A /* Preview Assets.xcassets */; };
		5992E0CB2C761E8A00A5EE3A /* GameBoardView.swift in Sources */ = {isa = PBXBuildFile; fileRef = 5992E0CA2C761E8A00A5EE3A /* GameBoardView.swift */; };
		59B135162D0CCD0600287B07 /* MainView.swift in Sources */ = {isa = PBXBuildFile; fileRef = 59B135152D0CCD0600287B07 /* MainView.swift */; };
		59B135182D0CCD2D00287B07 /* SettingsView.swift in Sources */ = {isa = PBXBuildFile; fileRef = 59B135172D0CCD2D00287B07 /* SettingsView.swift */; };
		59B6E0842D0DCD4200064500 /* Localizable.xcstrings in Resources */ = {isa = PBXBuildFile; fileRef = 59B6E0832D0DCD4200064500 /* Localizable.xcstrings */; };
		59B6E0872D0E4B2300064500 /* Language.swift in Sources */ = {isa = PBXBuildFile; fileRef = 59B6E0862D0E4B2300064500 /* Language.swift */; };
		59B6E0892D0E515A00064500 /* LanguageViewModifier.swift in Sources */ = {isa = PBXBuildFile; fileRef = 59B6E0882D0E515A00064500 /* LanguageViewModifier.swift */; };
		59B6E08B2D0EEAAC00064500 /* InfoPlist.xcstrings in Resources */ = {isa = PBXBuildFile; fileRef = 59B6E08A2D0EEAAC00064500 /* InfoPlist.xcstrings */; };
		59B6E08D2D0EEC9200064500 /* Launch Screen.storyboard in Resources */ = {isa = PBXBuildFile; fileRef = 59B6E08C2D0EEC9200064500 /* Launch Screen.storyboard */; };
		59B6E0922D0F1A8E00064500 /* Bundle+Extensions.swift in Sources */ = {isa = PBXBuildFile; fileRef = 59B6E0912D0F1A8E00064500 /* Bundle+Extensions.swift */; };
		59B6E0942D0F3BB300064500 /* claphands.mp3 in Resources */ = {isa = PBXBuildFile; fileRef = 59B6E0932D0F3BB300064500 /* claphands.mp3 */; };
		59B6E0982D0F421700064500 /* mismatch.mp3 in Resources */ = {isa = PBXBuildFile; fileRef = 59B6E0952D0F421700064500 /* mismatch.mp3 */; };
		59B6E0992D0F421700064500 /* match.wav in Resources */ = {isa = PBXBuildFile; fileRef = 59B6E0962D0F421700064500 /* match.wav */; };
		59B6E09A2D0F421700064500 /* cardflip.wav in Resources */ = {isa = PBXBuildFile; fileRef = 59B6E0972D0F421700064500 /* cardflip.wav */; };
		59B6E0A02D0F8D1C00064500 /* CardThemeManager.swift in Sources */ = {isa = PBXBuildFile; fileRef = 59B6E09F2D0F8D1C00064500 /* CardThemeManager.swift */; };
		59B6E0A22D0F8D8600064500 /* Card.swift in Sources */ = {isa = PBXBuildFile; fileRef = 59B6E0A12D0F8D8600064500 /* Card.swift */; };
		59B6E0A52D0F8DC400064500 /* Vehicle.swift in Sources */ = {isa = PBXBuildFile; fileRef = 59B6E0A42D0F8DC400064500 /* Vehicle.swift */; };
		59B6E0A72D0F8DCE00064500 /* Flag.swift in Sources */ = {isa = PBXBuildFile; fileRef = 59B6E0A62D0F8DCE00064500 /* Flag.swift */; };
		59B6E0AF2D107CFB00064500 /* Deck.swift in Sources */ = {isa = PBXBuildFile; fileRef = 59B6E0AE2D107CFB00064500 /* Deck.swift */; };
		59B6E0B12D10DAEB00064500 /* Landmarks.swift in Sources */ = {isa = PBXBuildFile; fileRef = 59B6E0B02D10DAEB00064500 /* Landmarks.swift */; };
		59FA08BE2D0589E30034FBD9 /* (null) in Sources */ = {isa = PBXBuildFile; };
/* End PBXBuildFile section */

/* Begin PBXFileReference section */
		592BBCF32C94366700E759C9 /* TimeCounterView.swift */ = {isa = PBXFileReference; lastKnownFileType = sourcecode.swift; path = TimeCounterView.swift; sourceTree = "<group>"; };
		5956AF442D0C358900A43F3C /* ViewUtils.swift */ = {isa = PBXFileReference; lastKnownFileType = sourcecode.swift; path = ViewUtils.swift; sourceTree = "<group>"; };
		59742A3F2C7C805500F93E3A /* GameBoard.swift */ = {isa = PBXFileReference; lastKnownFileType = sourcecode.swift; path = GameBoard.swift; sourceTree = "<group>"; };
		59742A412C7C98A900F93E3A /* CardItem.swift */ = {isa = PBXFileReference; lastKnownFileType = sourcecode.swift; path = CardItem.swift; sourceTree = "<group>"; };
		59742A432C7CABDD00F93E3A /* CardView.swift */ = {isa = PBXFileReference; lastKnownFileType = sourcecode.swift; path = CardView.swift; sourceTree = "<group>"; };
		59742A452C7CC4BA00F93E3A /* GameBoardView+ViewModel.swift */ = {isa = PBXFileReference; lastKnownFileType = sourcecode.swift; path = "GameBoardView+ViewModel.swift"; sourceTree = "<group>"; };
		5992E0B92C76052D00A5EE3A /* MemoryBlocks.app */ = {isa = PBXFileReference; explicitFileType = wrapper.application; includeInIndex = 0; path = MemoryBlocks.app; sourceTree = BUILT_PRODUCTS_DIR; };
		5992E0BC2C76052D00A5EE3A /* MemoryBlocksApp.swift */ = {isa = PBXFileReference; lastKnownFileType = sourcecode.swift; path = MemoryBlocksApp.swift; sourceTree = "<group>"; };
		5992E0BE2C76052D00A5EE3A /* ContentView.swift */ = {isa = PBXFileReference; lastKnownFileType = sourcecode.swift; path = ContentView.swift; sourceTree = "<group>"; };
		5992E0C02C76052E00A5EE3A /* Assets.xcassets */ = {isa = PBXFileReference; lastKnownFileType = folder.assetcatalog; path = Assets.xcassets; sourceTree = "<group>"; };
		5992E0C32C76052E00A5EE3A /* Preview Assets.xcassets */ = {isa = PBXFileReference; lastKnownFileType = folder.assetcatalog; path = "Preview Assets.xcassets"; sourceTree = "<group>"; };
		5992E0CA2C761E8A00A5EE3A /* GameBoardView.swift */ = {isa = PBXFileReference; lastKnownFileType = sourcecode.swift; path = GameBoardView.swift; sourceTree = "<group>"; };
		59B135152D0CCD0600287B07 /* MainView.swift */ = {isa = PBXFileReference; lastKnownFileType = sourcecode.swift; path = MainView.swift; sourceTree = "<group>"; };
		59B135172D0CCD2D00287B07 /* SettingsView.swift */ = {isa = PBXFileReference; lastKnownFileType = sourcecode.swift; path = SettingsView.swift; sourceTree = "<group>"; };
		59B6E0802D0D94EB00064500 /* Info.plist */ = {isa = PBXFileReference; lastKnownFileType = text.plist.xml; path = Info.plist; sourceTree = "<group>"; };
		59B6E0832D0DCD4200064500 /* Localizable.xcstrings */ = {isa = PBXFileReference; lastKnownFileType = text.json.xcstrings; path = Localizable.xcstrings; sourceTree = "<group>"; };
		59B6E0862D0E4B2300064500 /* Language.swift */ = {isa = PBXFileReference; lastKnownFileType = sourcecode.swift; path = Language.swift; sourceTree = "<group>"; };
		59B6E0882D0E515A00064500 /* LanguageViewModifier.swift */ = {isa = PBXFileReference; lastKnownFileType = sourcecode.swift; path = LanguageViewModifier.swift; sourceTree = "<group>"; };
		59B6E08A2D0EEAAC00064500 /* InfoPlist.xcstrings */ = {isa = PBXFileReference; lastKnownFileType = text.json.xcstrings; path = InfoPlist.xcstrings; sourceTree = "<group>"; };
		59B6E08C2D0EEC9200064500 /* Launch Screen.storyboard */ = {isa = PBXFileReference; lastKnownFileType = file.storyboard; path = "Launch Screen.storyboard"; sourceTree = "<group>"; };
		59B6E0912D0F1A8E00064500 /* Bundle+Extensions.swift */ = {isa = PBXFileReference; lastKnownFileType = sourcecode.swift; path = "Bundle+Extensions.swift"; sourceTree = "<group>"; };
		59B6E0932D0F3BB300064500 /* claphands.mp3 */ = {isa = PBXFileReference; lastKnownFileType = audio.mp3; path = claphands.mp3; sourceTree = "<group>"; };
		59B6E0952D0F421700064500 /* mismatch.mp3 */ = {isa = PBXFileReference; lastKnownFileType = audio.mp3; path = mismatch.mp3; sourceTree = "<group>"; };
		59B6E0962D0F421700064500 /* match.wav */ = {isa = PBXFileReference; lastKnownFileType = audio.wav; path = match.wav; sourceTree = "<group>"; };
		59B6E0972D0F421700064500 /* cardflip.wav */ = {isa = PBXFileReference; lastKnownFileType = audio.wav; path = cardflip.wav; sourceTree = "<group>"; };
		59B6E09F2D0F8D1C00064500 /* CardThemeManager.swift */ = {isa = PBXFileReference; lastKnownFileType = sourcecode.swift; path = CardThemeManager.swift; sourceTree = "<group>"; };
		59B6E0A12D0F8D8600064500 /* Card.swift */ = {isa = PBXFileReference; lastKnownFileType = sourcecode.swift; path = Card.swift; sourceTree = "<group>"; };
		59B6E0A42D0F8DC400064500 /* Vehicle.swift */ = {isa = PBXFileReference; lastKnownFileType = sourcecode.swift; path = Vehicle.swift; sourceTree = "<group>"; };
		59B6E0A62D0F8DCE00064500 /* Flag.swift */ = {isa = PBXFileReference; lastKnownFileType = sourcecode.swift; path = Flag.swift; sourceTree = "<group>"; };
		59B6E0AE2D107CFB00064500 /* Deck.swift */ = {isa = PBXFileReference; lastKnownFileType = sourcecode.swift; path = Deck.swift; sourceTree = "<group>"; };
		59B6E0B02D10DAEB00064500 /* Landmarks.swift */ = {isa = PBXFileReference; lastKnownFileType = sourcecode.swift; path = Landmarks.swift; sourceTree = "<group>"; };
/* End PBXFileReference section */

/* Begin PBXFrameworksBuildPhase section */
		5992E0B62C76052D00A5EE3A /* Frameworks */ = {
			isa = PBXFrameworksBuildPhase;
			buildActionMask = 2147483647;
			files = (
			);
			runOnlyForDeploymentPostprocessing = 0;
		};
/* End PBXFrameworksBuildPhase section */

/* Begin PBXGroup section */
		5992E0B02C76052D00A5EE3A = {
			isa = PBXGroup;
			children = (
				5992E0BB2C76052D00A5EE3A /* MemoryBlocks */,
				5992E0BA2C76052D00A5EE3A /* Products */,
			);
			sourceTree = "<group>";
		};
		5992E0BA2C76052D00A5EE3A /* Products */ = {
			isa = PBXGroup;
			children = (
				5992E0B92C76052D00A5EE3A /* MemoryBlocks.app */,
			);
			name = Products;
			sourceTree = "<group>";
		};
		5992E0BB2C76052D00A5EE3A /* MemoryBlocks */ = {
			isa = PBXGroup;
			children = (
				5992E0BC2C76052D00A5EE3A /* MemoryBlocksApp.swift */,
				59B6E0AB2D0F8E6D00064500 /* Extensions */,
				59B6E0A92D0F8E2900064500 /* Card */,
				59B6E0A82D0F8E0900064500 /* Views */,
				59B6E09B2D0F502100064500 /* Resources */,
				5992E0C22C76052E00A5EE3A /* Preview Content */,
				5956AF442D0C358900A43F3C /* ViewUtils.swift */,
			);
			path = MemoryBlocks;
			sourceTree = "<group>";
		};
		5992E0C22C76052E00A5EE3A /* Preview Content */ = {
			isa = PBXGroup;
			children = (
				5992E0C32C76052E00A5EE3A /* Preview Assets.xcassets */,
			);
			path = "Preview Content";
			sourceTree = "<group>";
		};
		59B6E0852D0E4B1500064500 /* Localization */ = {
			isa = PBXGroup;
			children = (
				59B6E0832D0DCD4200064500 /* Localizable.xcstrings */,
				59B6E0862D0E4B2300064500 /* Language.swift */,
				59B6E0882D0E515A00064500 /* LanguageViewModifier.swift */,
				59B6E08A2D0EEAAC00064500 /* InfoPlist.xcstrings */,
			);
			path = Localization;
			sourceTree = "<group>";
		};
		59B6E09B2D0F502100064500 /* Resources */ = {
			isa = PBXGroup;
			children = (
				59B6E08C2D0EEC9200064500 /* Launch Screen.storyboard */,
				5992E0C02C76052E00A5EE3A /* Assets.xcassets */,
				59B6E0802D0D94EB00064500 /* Info.plist */,
				59B6E0852D0E4B1500064500 /* Localization */,
				59B6E09C2D0F502700064500 /* Sounds */,
			);
			path = Resources;
			sourceTree = "<group>";
		};
		59B6E09C2D0F502700064500 /* Sounds */ = {
			isa = PBXGroup;
			children = (
				59B6E0932D0F3BB300064500 /* claphands.mp3 */,
				59B6E0972D0F421700064500 /* cardflip.wav */,
				59B6E0962D0F421700064500 /* match.wav */,
				59B6E0952D0F421700064500 /* mismatch.mp3 */,
			);
			path = Sounds;
			sourceTree = "<group>";
		};
		59B6E0A32D0F8DB900064500 /* CardThemes */ = {
			isa = PBXGroup;
			children = (
				59B6E09F2D0F8D1C00064500 /* CardThemeManager.swift */,
				59B6E0A42D0F8DC400064500 /* Vehicle.swift */,
				59B6E0A62D0F8DCE00064500 /* Flag.swift */,
				59B6E0AE2D107CFB00064500 /* Deck.swift */,
				59B6E0B02D10DAEB00064500 /* Landmarks.swift */,
			);
			path = CardThemes;
			sourceTree = "<group>";
		};
		59B6E0A82D0F8E0900064500 /* Views */ = {
			isa = PBXGroup;
			children = (
				592BBCF32C94366700E759C9 /* TimeCounterView.swift */,
				59B6E0AA2D0F8E5600064500 /* GameBoard */,
				5992E0BE2C76052D00A5EE3A /* ContentView.swift */,
				59B135152D0CCD0600287B07 /* MainView.swift */,
				59B135172D0CCD2D00287B07 /* SettingsView.swift */,
			);
			path = Views;
			sourceTree = "<group>";
		};
		59B6E0A92D0F8E2900064500 /* Card */ = {
			isa = PBXGroup;
			children = (
				59B6E0A32D0F8DB900064500 /* CardThemes */,
				59742A412C7C98A900F93E3A /* CardItem.swift */,
				59742A432C7CABDD00F93E3A /* CardView.swift */,
				59B6E0A12D0F8D8600064500 /* Card.swift */,
			);
			path = Card;
			sourceTree = "<group>";
		};
		59B6E0AA2D0F8E5600064500 /* GameBoard */ = {
			isa = PBXGroup;
			children = (
				59742A452C7CC4BA00F93E3A /* GameBoardView+ViewModel.swift */,
				5992E0CA2C761E8A00A5EE3A /* GameBoardView.swift */,
				59742A3F2C7C805500F93E3A /* GameBoard.swift */,
			);
			path = GameBoard;
			sourceTree = "<group>";
		};
		59B6E0AB2D0F8E6D00064500 /* Extensions */ = {
			isa = PBXGroup;
			children = (
				59B6E0912D0F1A8E00064500 /* Bundle+Extensions.swift */,
			);
			path = Extensions;
			sourceTree = "<group>";
		};
/* End PBXGroup section */

/* Begin PBXNativeTarget section */
		5992E0B82C76052D00A5EE3A /* MemoryBlocks */ = {
			isa = PBXNativeTarget;
			buildConfigurationList = 5992E0C72C76052E00A5EE3A /* Build configuration list for PBXNativeTarget "MemoryBlocks" */;
			buildPhases = (
				5992E0B52C76052D00A5EE3A /* Sources */,
				5992E0B62C76052D00A5EE3A /* Frameworks */,
				5992E0B72C76052D00A5EE3A /* Resources */,
			);
			buildRules = (
			);
			dependencies = (
			);
			name = MemoryBlocks;
			productName = MemoryBlocks;
			productReference = 5992E0B92C76052D00A5EE3A /* MemoryBlocks.app */;
			productType = "com.apple.product-type.application";
		};
/* End PBXNativeTarget section */

/* Begin PBXProject section */
		5992E0B12C76052D00A5EE3A /* Project object */ = {
			isa = PBXProject;
			attributes = {
				BuildIndependentTargetsInParallel = 1;
				LastSwiftUpdateCheck = 1540;
				LastUpgradeCheck = 1540;
				TargetAttributes = {
					5992E0B82C76052D00A5EE3A = {
						CreatedOnToolsVersion = 15.4;
					};
				};
			};
			buildConfigurationList = 5992E0B42C76052D00A5EE3A /* Build configuration list for PBXProject "MemoryBlocks" */;
			compatibilityVersion = "Xcode 14.0";
			developmentRegion = en;
			hasScannedForEncodings = 0;
			knownRegions = (
				en,
				Base,
				tr,
			);
			mainGroup = 5992E0B02C76052D00A5EE3A;
			productRefGroup = 5992E0BA2C76052D00A5EE3A /* Products */;
			projectDirPath = "";
			projectRoot = "";
			targets = (
				5992E0B82C76052D00A5EE3A /* MemoryBlocks */,
			);
		};
/* End PBXProject section */

/* Begin PBXResourcesBuildPhase section */
		5992E0B72C76052D00A5EE3A /* Resources */ = {
			isa = PBXResourcesBuildPhase;
			buildActionMask = 2147483647;
			files = (
				5992E0C42C76052E00A5EE3A /* Preview Assets.xcassets in Resources */,
				59B6E0942D0F3BB300064500 /* claphands.mp3 in Resources */,
				59B6E09A2D0F421700064500 /* cardflip.wav in Resources */,
				59B6E0992D0F421700064500 /* match.wav in Resources */,
				5992E0C12C76052E00A5EE3A /* Assets.xcassets in Resources */,
				59B6E08B2D0EEAAC00064500 /* InfoPlist.xcstrings in Resources */,
				59B6E08D2D0EEC9200064500 /* Launch Screen.storyboard in Resources */,
				59B6E0982D0F421700064500 /* mismatch.mp3 in Resources */,
				59B6E0842D0DCD4200064500 /* Localizable.xcstrings in Resources */,
			);
			runOnlyForDeploymentPostprocessing = 0;
		};
/* End PBXResourcesBuildPhase section */

/* Begin PBXSourcesBuildPhase section */
		5992E0B52C76052D00A5EE3A /* Sources */ = {
			isa = PBXSourcesBuildPhase;
			buildActionMask = 2147483647;
			files = (
				59B6E0A52D0F8DC400064500 /* Vehicle.swift in Sources */,
				59742A422C7C98A900F93E3A /* CardItem.swift in Sources */,
				59FA08BE2D0589E30034FBD9 /* (null) in Sources */,
				5992E0BF2C76052D00A5EE3A /* ContentView.swift in Sources */,
				592BBCF42C94366700E759C9 /* TimeCounterView.swift in Sources */,
				59742A462C7CC4BA00F93E3A /* GameBoardView+ViewModel.swift in Sources */,
				5992E0BD2C76052D00A5EE3A /* MemoryBlocksApp.swift in Sources */,
				59B6E0A22D0F8D8600064500 /* Card.swift in Sources */,
				59B6E0922D0F1A8E00064500 /* Bundle+Extensions.swift in Sources */,
				5956AF452D0C358900A43F3C /* ViewUtils.swift in Sources */,
				59B135162D0CCD0600287B07 /* MainView.swift in Sources */,
				59B6E0A02D0F8D1C00064500 /* CardThemeManager.swift in Sources */,
				59B6E0AF2D107CFB00064500 /* Deck.swift in Sources */,
				59B6E0B12D10DAEB00064500 /* Landmarks.swift in Sources */,
				59B6E0872D0E4B2300064500 /* Language.swift in Sources */,
				5992E0CB2C761E8A00A5EE3A /* GameBoardView.swift in Sources */,
				59B6E0892D0E515A00064500 /* LanguageViewModifier.swift in Sources */,
				59B135182D0CCD2D00287B07 /* SettingsView.swift in Sources */,
				59742A442C7CABDD00F93E3A /* CardView.swift in Sources */,
				59742A402C7C805500F93E3A /* GameBoard.swift in Sources */,
				59B6E0A72D0F8DCE00064500 /* Flag.swift in Sources */,
			);
			runOnlyForDeploymentPostprocessing = 0;
		};
/* End PBXSourcesBuildPhase section */

/* Begin XCBuildConfiguration section */
		5992E0C52C76052E00A5EE3A /* Debug */ = {
			isa = XCBuildConfiguration;
			buildSettings = {
				ALWAYS_SEARCH_USER_PATHS = NO;
				ASSETCATALOG_COMPILER_GENERATE_SWIFT_ASSET_SYMBOL_EXTENSIONS = YES;
				CLANG_ANALYZER_NONNULL = YES;
				CLANG_ANALYZER_NUMBER_OBJECT_CONVERSION = YES_AGGRESSIVE;
				CLANG_CXX_LANGUAGE_STANDARD = "gnu++20";
				CLANG_ENABLE_MODULES = YES;
				CLANG_ENABLE_OBJC_ARC = YES;
				CLANG_ENABLE_OBJC_WEAK = YES;
				CLANG_WARN_BLOCK_CAPTURE_AUTORELEASING = YES;
				CLANG_WARN_BOOL_CONVERSION = YES;
				CLANG_WARN_COMMA = YES;
				CLANG_WARN_CONSTANT_CONVERSION = YES;
				CLANG_WARN_DEPRECATED_OBJC_IMPLEMENTATIONS = YES;
				CLANG_WARN_DIRECT_OBJC_ISA_USAGE = YES_ERROR;
				CLANG_WARN_DOCUMENTATION_COMMENTS = YES;
				CLANG_WARN_EMPTY_BODY = YES;
				CLANG_WARN_ENUM_CONVERSION = YES;
				CLANG_WARN_INFINITE_RECURSION = YES;
				CLANG_WARN_INT_CONVERSION = YES;
				CLANG_WARN_NON_LITERAL_NULL_CONVERSION = YES;
				CLANG_WARN_OBJC_IMPLICIT_RETAIN_SELF = YES;
				CLANG_WARN_OBJC_LITERAL_CONVERSION = YES;
				CLANG_WARN_OBJC_ROOT_CLASS = YES_ERROR;
				CLANG_WARN_QUOTED_INCLUDE_IN_FRAMEWORK_HEADER = YES;
				CLANG_WARN_RANGE_LOOP_ANALYSIS = YES;
				CLANG_WARN_STRICT_PROTOTYPES = YES;
				CLANG_WARN_SUSPICIOUS_MOVE = YES;
				CLANG_WARN_UNGUARDED_AVAILABILITY = YES_AGGRESSIVE;
				CLANG_WARN_UNREACHABLE_CODE = YES;
				CLANG_WARN__DUPLICATE_METHOD_MATCH = YES;
				COPY_PHASE_STRIP = NO;
				DEBUG_INFORMATION_FORMAT = dwarf;
				ENABLE_STRICT_OBJC_MSGSEND = YES;
				ENABLE_TESTABILITY = YES;
				ENABLE_USER_SCRIPT_SANDBOXING = YES;
				GCC_C_LANGUAGE_STANDARD = gnu17;
				GCC_DYNAMIC_NO_PIC = NO;
				GCC_NO_COMMON_BLOCKS = YES;
				GCC_OPTIMIZATION_LEVEL = 0;
				GCC_PREPROCESSOR_DEFINITIONS = (
					"DEBUG=1",
					"$(inherited)",
				);
				GCC_WARN_64_TO_32_BIT_CONVERSION = YES;
				GCC_WARN_ABOUT_RETURN_TYPE = YES_ERROR;
				GCC_WARN_UNDECLARED_SELECTOR = YES;
				GCC_WARN_UNINITIALIZED_AUTOS = YES_AGGRESSIVE;
				GCC_WARN_UNUSED_FUNCTION = YES;
				GCC_WARN_UNUSED_VARIABLE = YES;
				IPHONEOS_DEPLOYMENT_TARGET = 17.5;
				LOCALIZATION_PREFERS_STRING_CATALOGS = YES;
				MTL_ENABLE_DEBUG_INFO = INCLUDE_SOURCE;
				MTL_FAST_MATH = YES;
				ONLY_ACTIVE_ARCH = YES;
				SDKROOT = iphoneos;
				SWIFT_ACTIVE_COMPILATION_CONDITIONS = "DEBUG $(inherited)";
				SWIFT_OPTIMIZATION_LEVEL = "-Onone";
			};
			name = Debug;
		};
		5992E0C62C76052E00A5EE3A /* Release */ = {
			isa = XCBuildConfiguration;
			buildSettings = {
				ALWAYS_SEARCH_USER_PATHS = NO;
				ASSETCATALOG_COMPILER_GENERATE_SWIFT_ASSET_SYMBOL_EXTENSIONS = YES;
				CLANG_ANALYZER_NONNULL = YES;
				CLANG_ANALYZER_NUMBER_OBJECT_CONVERSION = YES_AGGRESSIVE;
				CLANG_CXX_LANGUAGE_STANDARD = "gnu++20";
				CLANG_ENABLE_MODULES = YES;
				CLANG_ENABLE_OBJC_ARC = YES;
				CLANG_ENABLE_OBJC_WEAK = YES;
				CLANG_WARN_BLOCK_CAPTURE_AUTORELEASING = YES;
				CLANG_WARN_BOOL_CONVERSION = YES;
				CLANG_WARN_COMMA = YES;
				CLANG_WARN_CONSTANT_CONVERSION = YES;
				CLANG_WARN_DEPRECATED_OBJC_IMPLEMENTATIONS = YES;
				CLANG_WARN_DIRECT_OBJC_ISA_USAGE = YES_ERROR;
				CLANG_WARN_DOCUMENTATION_COMMENTS = YES;
				CLANG_WARN_EMPTY_BODY = YES;
				CLANG_WARN_ENUM_CONVERSION = YES;
				CLANG_WARN_INFINITE_RECURSION = YES;
				CLANG_WARN_INT_CONVERSION = YES;
				CLANG_WARN_NON_LITERAL_NULL_CONVERSION = YES;
				CLANG_WARN_OBJC_IMPLICIT_RETAIN_SELF = YES;
				CLANG_WARN_OBJC_LITERAL_CONVERSION = YES;
				CLANG_WARN_OBJC_ROOT_CLASS = YES_ERROR;
				CLANG_WARN_QUOTED_INCLUDE_IN_FRAMEWORK_HEADER = YES;
				CLANG_WARN_RANGE_LOOP_ANALYSIS = YES;
				CLANG_WARN_STRICT_PROTOTYPES = YES;
				CLANG_WARN_SUSPICIOUS_MOVE = YES;
				CLANG_WARN_UNGUARDED_AVAILABILITY = YES_AGGRESSIVE;
				CLANG_WARN_UNREACHABLE_CODE = YES;
				CLANG_WARN__DUPLICATE_METHOD_MATCH = YES;
				COPY_PHASE_STRIP = NO;
				DEBUG_INFORMATION_FORMAT = "dwarf-with-dsym";
				ENABLE_NS_ASSERTIONS = NO;
				ENABLE_STRICT_OBJC_MSGSEND = YES;
				ENABLE_USER_SCRIPT_SANDBOXING = YES;
				GCC_C_LANGUAGE_STANDARD = gnu17;
				GCC_NO_COMMON_BLOCKS = YES;
				GCC_WARN_64_TO_32_BIT_CONVERSION = YES;
				GCC_WARN_ABOUT_RETURN_TYPE = YES_ERROR;
				GCC_WARN_UNDECLARED_SELECTOR = YES;
				GCC_WARN_UNINITIALIZED_AUTOS = YES_AGGRESSIVE;
				GCC_WARN_UNUSED_FUNCTION = YES;
				GCC_WARN_UNUSED_VARIABLE = YES;
				IPHONEOS_DEPLOYMENT_TARGET = 17.5;
				LOCALIZATION_PREFERS_STRING_CATALOGS = YES;
				MTL_ENABLE_DEBUG_INFO = NO;
				MTL_FAST_MATH = YES;
				SDKROOT = iphoneos;
				SWIFT_COMPILATION_MODE = wholemodule;
				VALIDATE_PRODUCT = YES;
			};
			name = Release;
		};
		5992E0C82C76052E00A5EE3A /* Debug */ = {
			isa = XCBuildConfiguration;
			buildSettings = {
				ASSETCATALOG_COMPILER_APPICON_NAME = AppIcon;
				ASSETCATALOG_COMPILER_GLOBAL_ACCENT_COLOR_NAME = AccentColor;
				CODE_SIGN_STYLE = Automatic;
				CURRENT_PROJECT_VERSION = 2;
				DEVELOPMENT_ASSET_PATHS = "\"MemoryBlocks/Preview Content\"";
				DEVELOPMENT_TEAM = LAK45PP47W;
				ENABLE_PREVIEWS = YES;
				GENERATE_INFOPLIST_FILE = YES;
				INFOPLIST_FILE = MemoryBlocks/Resources/Info.plist;
				INFOPLIST_KEY_UIApplicationSceneManifest_Generation = YES;
				INFOPLIST_KEY_UIApplicationSupportsIndirectInputEvents = YES;
				INFOPLIST_KEY_UILaunchStoryboardName = "Launch Screen.storyboard";
				INFOPLIST_KEY_UISupportedInterfaceOrientations_iPad = "UIInterfaceOrientationPortrait UIInterfaceOrientationPortraitUpsideDown UIInterfaceOrientationLandscapeLeft UIInterfaceOrientationLandscapeRight";
				INFOPLIST_KEY_UISupportedInterfaceOrientations_iPhone = "UIInterfaceOrientationPortrait UIInterfaceOrientationLandscapeLeft UIInterfaceOrientationLandscapeRight";
				LD_RUNPATH_SEARCH_PATHS = (
					"$(inherited)",
					"@executable_path/Frameworks",
				);
				MARKETING_VERSION = 1.2.0;
				PRODUCT_BUNDLE_IDENTIFIER = com.bulutoztemur.MemoryBlocks;
				PRODUCT_NAME = "$(TARGET_NAME)";
				SWIFT_EMIT_LOC_STRINGS = YES;
				SWIFT_VERSION = 5.0;
				TARGETED_DEVICE_FAMILY = "1,2";
			};
			name = Debug;
		};
		5992E0C92C76052E00A5EE3A /* Release */ = {
			isa = XCBuildConfiguration;
			buildSettings = {
				ASSETCATALOG_COMPILER_APPICON_NAME = AppIcon;
				ASSETCATALOG_COMPILER_GLOBAL_ACCENT_COLOR_NAME = AccentColor;
				CODE_SIGN_STYLE = Automatic;
				CURRENT_PROJECT_VERSION = 2;
				DEVELOPMENT_ASSET_PATHS = "\"MemoryBlocks/Preview Content\"";
				DEVELOPMENT_TEAM = LAK45PP47W;
				ENABLE_PREVIEWS = YES;
				GENERATE_INFOPLIST_FILE = YES;
				INFOPLIST_FILE = MemoryBlocks/Resources/Info.plist;
				INFOPLIST_KEY_UIApplicationSceneManifest_Generation = YES;
				INFOPLIST_KEY_UIApplicationSupportsIndirectInputEvents = YES;
				INFOPLIST_KEY_UILaunchStoryboardName = "Launch Screen.storyboard";
				INFOPLIST_KEY_UISupportedInterfaceOrientations_iPad = "UIInterfaceOrientationPortrait UIInterfaceOrientationPortraitUpsideDown UIInterfaceOrientationLandscapeLeft UIInterfaceOrientationLandscapeRight";
				INFOPLIST_KEY_UISupportedInterfaceOrientations_iPhone = "UIInterfaceOrientationPortrait UIInterfaceOrientationLandscapeLeft UIInterfaceOrientationLandscapeRight";
				LD_RUNPATH_SEARCH_PATHS = (
					"$(inherited)",
					"@executable_path/Frameworks",
				);
				MARKETING_VERSION = 1.2.0;
				PRODUCT_BUNDLE_IDENTIFIER = com.bulutoztemur.MemoryBlocks;
				PRODUCT_NAME = "$(TARGET_NAME)";
				SWIFT_EMIT_LOC_STRINGS = YES;
				SWIFT_VERSION = 5.0;
				TARGETED_DEVICE_FAMILY = "1,2";
			};
			name = Release;
		};
/* End XCBuildConfiguration section */

/* Begin XCConfigurationList section */
		5992E0B42C76052D00A5EE3A /* Build configuration list for PBXProject "MemoryBlocks" */ = {
			isa = XCConfigurationList;
			buildConfigurations = (
				5992E0C52C76052E00A5EE3A /* Debug */,
				5992E0C62C76052E00A5EE3A /* Release */,
			);
			defaultConfigurationIsVisible = 0;
			defaultConfigurationName = Release;
		};
		5992E0C72C76052E00A5EE3A /* Build configuration list for PBXNativeTarget "MemoryBlocks" */ = {
			isa = XCConfigurationList;
			buildConfigurations = (
				5992E0C82C76052E00A5EE3A /* Debug */,
				5992E0C92C76052E00A5EE3A /* Release */,
			);
			defaultConfigurationIsVisible = 0;
			defaultConfigurationName = Release;
		};
/* End XCConfigurationList section */
	};
	rootObject = 5992E0B12C76052D00A5EE3A /* Project object */;
}
